
Microsoft Visual Studio Solution File, Format Version 12.00
# Visual Studio Version 16
VisualStudioVersion = 16.0.31313.79
MinimumVisualStudioVersion = 10.0.40219.1
Project("{FAE04EC0-301F-11D3-BF4B-00C04F79EFBC}") = "LabDocker", "LabDocker\LabDocker.csproj", "{81AEBE55-1A08-49C2-BA22-4F844B411D01}"
EndProject
Project("{E53339B2-1760-4266-BCC7-CA923CBCF16C}") = "docker-compose", "docker-compose.dcproj", "{673CB079-DA7A-42F8-9F0C-998BCA7B97DF}"
EndProject
Global
	GlobalSection(SolutionConfigurationPlatforms) = preSolution
		Debug|Any CPU = Debug|Any CPU
		Release|Any CPU = Release|Any CPU
	EndGlobalSection
	GlobalSection(ProjectConfigurationPlatforms) = postSolution
		{81AEBE55-1A08-49C2-BA22-4F844B411D01}.Debug|Any CPU.ActiveCfg = Debug|Any CPU
		{81AEBE55-1A08-49C2-BA22-4F844B411D01}.Debug|Any CPU.Build.0 = Debug|Any CPU
		{81AEBE55-1A08-49C2-BA22-4F844B411D01}.Release|Any CPU.ActiveCfg = Release|Any CPU
		{81AEBE55-1A08-49C2-BA22-4F844B411D01}.Release|Any CPU.Build.0 = Release|Any CPU
		{673CB079-DA7A-42F8-9F0C-998BCA7B97DF}.Debug|Any CPU.ActiveCfg = Debug|Any CPU
		{673CB079-DA7A-42F8-9F0C-998BCA7B97DF}.Debug|Any CPU.Build.0 = Debug|Any CPU
		{673CB079-DA7A-42F8-9F0C-998BCA7B97DF}.Release|Any CPU.ActiveCfg = Release|Any CPU
		{673CB079-DA7A-42F8-9F0C-998BCA7B97DF}.Release|Any CPU.Build.0 = Release|Any CPU
	EndGlobalSection
	GlobalSection(SolutionProperties) = preSolution
		HideSolutionNode = FALSE
	EndGlobalSection
	GlobalSection(ExtensibilityGlobals) = postSolution
		SolutionGuid = {C1B7F452-8F4C-46A6-B29B-C072DFC1CDBB}
	EndGlobalSection
EndGlobal
